// !$*UTF8*$!
{
	archiveVersion = 1;
	classes = {
	};
	objectVersion = 51;
	objects = {

/* Begin PBXBuildFile section */
		BEA8E249D37E333489127ED6 /* Pods_iVac.framework in Frameworks */ = {isa = PBXBuildFile; fileRef = 5CC1CB9514FC3ABBFF1F61B5 /* Pods_iVac.framework */; };
		EC5054F225C3681900348E9D /* JenisTableViewCell.swift in Sources */ = {isa = PBXBuildFile; fileRef = EC5054F025C3681900348E9D /* JenisTableViewCell.swift */; };
		EC5054F325C3681900348E9D /* JenisTableViewCell.xib in Resources */ = {isa = PBXBuildFile; fileRef = EC5054F125C3681900348E9D /* JenisTableViewCell.xib */; };
		EC5054F725C36B6800348E9D /* JenisViewController.swift in Sources */ = {isa = PBXBuildFile; fileRef = EC5054F625C36B6800348E9D /* JenisViewController.swift */; };
		ECA3F73125C3C7F6006B34CA /* DetailRsViewController.swift in Sources */ = {isa = PBXBuildFile; fileRef = ECA3F73025C3C7F6006B34CA /* DetailRsViewController.swift */; };
		ECA78AE825C24EA00021AEC0 /* AppDelegate.swift in Sources */ = {isa = PBXBuildFile; fileRef = ECA78AE725C24EA00021AEC0 /* AppDelegate.swift */; };
		ECA78AEA25C24EA00021AEC0 /* SceneDelegate.swift in Sources */ = {isa = PBXBuildFile; fileRef = ECA78AE925C24EA00021AEC0 /* SceneDelegate.swift */; };
		ECA78AEC25C24EA00021AEC0 /* LoginViewController.swift in Sources */ = {isa = PBXBuildFile; fileRef = ECA78AEB25C24EA00021AEC0 /* LoginViewController.swift */; };
		ECA78AEF25C24EA00021AEC0 /* Main.storyboard in Resources */ = {isa = PBXBuildFile; fileRef = ECA78AED25C24EA00021AEC0 /* Main.storyboard */; };
		ECA78AF125C24EA10021AEC0 /* Assets.xcassets in Resources */ = {isa = PBXBuildFile; fileRef = ECA78AF025C24EA10021AEC0 /* Assets.xcassets */; };
		ECA78AF425C24EA10021AEC0 /* LaunchScreen.storyboard in Resources */ = {isa = PBXBuildFile; fileRef = ECA78AF225C24EA10021AEC0 /* LaunchScreen.storyboard */; };
		ECB8D6B525C2A1850058AA75 /* BeritaCollectionViewCell.swift in Sources */ = {isa = PBXBuildFile; fileRef = ECB8D6B325C2A1850058AA75 /* BeritaCollectionViewCell.swift */; };
		ECB8D6B625C2A1850058AA75 /* BeritaCollectionViewCell.xib in Resources */ = {isa = PBXBuildFile; fileRef = ECB8D6B425C2A1850058AA75 /* BeritaCollectionViewCell.xib */; };
		ECB8D6BA25C2A1D50058AA75 /* TipsCollectionViewCell.swift in Sources */ = {isa = PBXBuildFile; fileRef = ECB8D6B825C2A1D50058AA75 /* TipsCollectionViewCell.swift */; };
		ECB8D6BB25C2A1D50058AA75 /* TipsCollectionViewCell.xib in Resources */ = {isa = PBXBuildFile; fileRef = ECB8D6B925C2A1D50058AA75 /* TipsCollectionViewCell.xib */; };
		ECD4634A25C28C5F00696404 /* HomeViewController.swift in Sources */ = {isa = PBXBuildFile; fileRef = ECD4634925C28C5F00696404 /* HomeViewController.swift */; };
		ECDB766C25C380670001FA32 /* VaksinViewController.swift in Sources */ = {isa = PBXBuildFile; fileRef = ECDB766B25C380670001FA32 /* VaksinViewController.swift */; };
		ECDB766F25C3813F0001FA32 /* AkunViewController.swift in Sources */ = {isa = PBXBuildFile; fileRef = ECDB766E25C3813F0001FA32 /* AkunViewController.swift */; };
		ECDB767F25C3AEDC0001FA32 /* MandiriViewController.swift in Sources */ = {isa = PBXBuildFile; fileRef = ECDB767E25C3AEDC0001FA32 /* MandiriViewController.swift */; };
		ECDB768225C3AEFA0001FA32 /* DaftarViewController.swift in Sources */ = {isa = PBXBuildFile; fileRef = ECDB768125C3AEFA0001FA32 /* DaftarViewController.swift */; };
		ECDB768525C3AF240001FA32 /* EditViewController.swift in Sources */ = {isa = PBXBuildFile; fileRef = ECDB768425C3AF240001FA32 /* EditViewController.swift */; };
		ECDB768825C3AF4C0001FA32 /* BerhasilCekViewController.swift in Sources */ = {isa = PBXBuildFile; fileRef = ECDB768725C3AF4C0001FA32 /* BerhasilCekViewController.swift */; };
		ECDB768B25C3AF800001FA32 /* DetailCekViewController.swift in Sources */ = {isa = PBXBuildFile; fileRef = ECDB768A25C3AF800001FA32 /* DetailCekViewController.swift */; };
		ECDB768F25C3AFA40001FA32 /* DetailBeritaViewController.swift in Sources */ = {isa = PBXBuildFile; fileRef = ECDB768E25C3AFA40001FA32 /* DetailBeritaViewController.swift */; };
		ECFB1D5E25C2879E00ECDCB1 /* KasusCollectionViewCell.swift in Sources */ = {isa = PBXBuildFile; fileRef = ECFB1D5C25C2879E00ECDCB1 /* KasusCollectionViewCell.swift */; };
		ECFB1D5F25C2879E00ECDCB1 /* KasusCollectionViewCell.xib in Resources */ = {isa = PBXBuildFile; fileRef = ECFB1D5D25C2879E00ECDCB1 /* KasusCollectionViewCell.xib */; };
/* End PBXBuildFile section */

/* Begin PBXFileReference section */
		2AA82CE6F40D6965FFD4565D /* Pods-iVac.release.xcconfig */ = {isa = PBXFileReference; includeInIndex = 1; lastKnownFileType = text.xcconfig; name = "Pods-iVac.release.xcconfig"; path = "Target Support Files/Pods-iVac/Pods-iVac.release.xcconfig"; sourceTree = "<group>"; };
		561AE7E2089684648B9C67DE /* Pods-iVac.debug.xcconfig */ = {isa = PBXFileReference; includeInIndex = 1; lastKnownFileType = text.xcconfig; name = "Pods-iVac.debug.xcconfig"; path = "Target Support Files/Pods-iVac/Pods-iVac.debug.xcconfig"; sourceTree = "<group>"; };
		5CC1CB9514FC3ABBFF1F61B5 /* Pods_iVac.framework */ = {isa = PBXFileReference; explicitFileType = wrapper.framework; includeInIndex = 0; path = Pods_iVac.framework; sourceTree = BUILT_PRODUCTS_DIR; };
		EC5054F025C3681900348E9D /* JenisTableViewCell.swift */ = {isa = PBXFileReference; lastKnownFileType = sourcecode.swift; path = JenisTableViewCell.swift; sourceTree = "<group>"; };
		EC5054F125C3681900348E9D /* JenisTableViewCell.xib */ = {isa = PBXFileReference; lastKnownFileType = file.xib; path = JenisTableViewCell.xib; sourceTree = "<group>"; };
		EC5054F625C36B6800348E9D /* JenisViewController.swift */ = {isa = PBXFileReference; lastKnownFileType = sourcecode.swift; path = JenisViewController.swift; sourceTree = "<group>"; };
		ECA3F73025C3C7F6006B34CA /* DetailRsViewController.swift */ = {isa = PBXFileReference; lastKnownFileType = sourcecode.swift; path = DetailRsViewController.swift; sourceTree = "<group>"; };
		ECA78AE425C24EA00021AEC0 /* iVac.app */ = {isa = PBXFileReference; explicitFileType = wrapper.application; includeInIndex = 0; path = iVac.app; sourceTree = BUILT_PRODUCTS_DIR; };
		ECA78AE725C24EA00021AEC0 /* AppDelegate.swift */ = {isa = PBXFileReference; lastKnownFileType = sourcecode.swift; path = AppDelegate.swift; sourceTree = "<group>"; };
		ECA78AE925C24EA00021AEC0 /* SceneDelegate.swift */ = {isa = PBXFileReference; lastKnownFileType = sourcecode.swift; path = SceneDelegate.swift; sourceTree = "<group>"; };
		ECA78AEB25C24EA00021AEC0 /* LoginViewController.swift */ = {isa = PBXFileReference; lastKnownFileType = sourcecode.swift; path = LoginViewController.swift; sourceTree = "<group>"; };
		ECA78AEE25C24EA00021AEC0 /* Base */ = {isa = PBXFileReference; lastKnownFileType = file.storyboard; name = Base; path = Base.lproj/Main.storyboard; sourceTree = "<group>"; };
		ECA78AF025C24EA10021AEC0 /* Assets.xcassets */ = {isa = PBXFileReference; lastKnownFileType = folder.assetcatalog; path = Assets.xcassets; sourceTree = "<group>"; };
		ECA78AF325C24EA10021AEC0 /* Base */ = {isa = PBXFileReference; lastKnownFileType = file.storyboard; name = Base; path = Base.lproj/LaunchScreen.storyboard; sourceTree = "<group>"; };
		ECA78AF525C24EA10021AEC0 /* Info.plist */ = {isa = PBXFileReference; lastKnownFileType = text.plist.xml; path = Info.plist; sourceTree = "<group>"; };
		ECB8D6B325C2A1850058AA75 /* BeritaCollectionViewCell.swift */ = {isa = PBXFileReference; lastKnownFileType = sourcecode.swift; path = BeritaCollectionViewCell.swift; sourceTree = "<group>"; };
		ECB8D6B425C2A1850058AA75 /* BeritaCollectionViewCell.xib */ = {isa = PBXFileReference; lastKnownFileType = file.xib; path = BeritaCollectionViewCell.xib; sourceTree = "<group>"; };
		ECB8D6B825C2A1D50058AA75 /* TipsCollectionViewCell.swift */ = {isa = PBXFileReference; lastKnownFileType = sourcecode.swift; path = TipsCollectionViewCell.swift; sourceTree = "<group>"; };
		ECB8D6B925C2A1D50058AA75 /* TipsCollectionViewCell.xib */ = {isa = PBXFileReference; lastKnownFileType = file.xib; path = TipsCollectionViewCell.xib; sourceTree = "<group>"; };
		ECD4634925C28C5F00696404 /* HomeViewController.swift */ = {isa = PBXFileReference; lastKnownFileType = sourcecode.swift; path = HomeViewController.swift; sourceTree = "<group>"; };
		ECDB766B25C380670001FA32 /* VaksinViewController.swift */ = {isa = PBXFileReference; lastKnownFileType = sourcecode.swift; path = VaksinViewController.swift; sourceTree = "<group>"; };
		ECDB766E25C3813F0001FA32 /* AkunViewController.swift */ = {isa = PBXFileReference; lastKnownFileType = sourcecode.swift; path = AkunViewController.swift; sourceTree = "<group>"; };
		ECDB767E25C3AEDC0001FA32 /* MandiriViewController.swift */ = {isa = PBXFileReference; lastKnownFileType = sourcecode.swift; path = MandiriViewController.swift; sourceTree = "<group>"; };
		ECDB768125C3AEFA0001FA32 /* DaftarViewController.swift */ = {isa = PBXFileReference; lastKnownFileType = sourcecode.swift; path = DaftarViewController.swift; sourceTree = "<group>"; };
		ECDB768425C3AF240001FA32 /* EditViewController.swift */ = {isa = PBXFileReference; lastKnownFileType = sourcecode.swift; path = EditViewController.swift; sourceTree = "<group>"; };
		ECDB768725C3AF4C0001FA32 /* BerhasilCekViewController.swift */ = {isa = PBXFileReference; lastKnownFileType = sourcecode.swift; path = BerhasilCekViewController.swift; sourceTree = "<group>"; };
		ECDB768A25C3AF800001FA32 /* DetailCekViewController.swift */ = {isa = PBXFileReference; lastKnownFileType = sourcecode.swift; path = DetailCekViewController.swift; sourceTree = "<group>"; };
		ECDB768E25C3AFA40001FA32 /* DetailBeritaViewController.swift */ = {isa = PBXFileReference; lastKnownFileType = sourcecode.swift; path = DetailBeritaViewController.swift; sourceTree = "<group>"; };
		ECFB1D5C25C2879E00ECDCB1 /* KasusCollectionViewCell.swift */ = {isa = PBXFileReference; lastKnownFileType = sourcecode.swift; path = KasusCollectionViewCell.swift; sourceTree = "<group>"; };
		ECFB1D5D25C2879E00ECDCB1 /* KasusCollectionViewCell.xib */ = {isa = PBXFileReference; lastKnownFileType = file.xib; path = KasusCollectionViewCell.xib; sourceTree = "<group>"; };
/* End PBXFileReference section */

/* Begin PBXFrameworksBuildPhase section */
		ECA78AE125C24EA00021AEC0 /* Frameworks */ = {
			isa = PBXFrameworksBuildPhase;
			buildActionMask = 2147483647;
			files = (
				BEA8E249D37E333489127ED6 /* Pods_iVac.framework in Frameworks */,
			);
			runOnlyForDeploymentPostprocessing = 0;
		};
/* End PBXFrameworksBuildPhase section */

/* Begin PBXGroup section */
		A3545CF8E74AF12A2DEC48E2 /* Frameworks */ = {
			isa = PBXGroup;
			children = (
				5CC1CB9514FC3ABBFF1F61B5 /* Pods_iVac.framework */,
			);
			name = Frameworks;
			sourceTree = "<group>";
		};
		E61B476FF114AFB6A5A585DD /* Pods */ = {
			isa = PBXGroup;
			children = (
				561AE7E2089684648B9C67DE /* Pods-iVac.debug.xcconfig */,
				2AA82CE6F40D6965FFD4565D /* Pods-iVac.release.xcconfig */,
			);
			path = Pods;
			sourceTree = "<group>";
		};
		ECA78ADB25C24EA00021AEC0 = {
			isa = PBXGroup;
			children = (
				ECA78AE625C24EA00021AEC0 /* iVac */,
				ECA78AE525C24EA00021AEC0 /* Products */,
				E61B476FF114AFB6A5A585DD /* Pods */,
				A3545CF8E74AF12A2DEC48E2 /* Frameworks */,
			);
			sourceTree = "<group>";
		};
		ECA78AE525C24EA00021AEC0 /* Products */ = {
			isa = PBXGroup;
			children = (
				ECA78AE425C24EA00021AEC0 /* iVac.app */,
			);
			name = Products;
			sourceTree = "<group>";
		};
		ECA78AE625C24EA00021AEC0 /* iVac */ = {
			isa = PBXGroup;
			children = (
				ECA78AFC25C24EB60021AEC0 /* Base */,
				ECA78B0225C24F490021AEC0 /* Model */,
				ECA78AFE25C24EC10021AEC0 /* Controller */,
				ECA78B0125C24F0B0021AEC0 /* View */,
				ECA78AF025C24EA10021AEC0 /* Assets.xcassets */,
				ECA78AF225C24EA10021AEC0 /* LaunchScreen.storyboard */,
				ECA78AF525C24EA10021AEC0 /* Info.plist */,
			);
			path = iVac;
			sourceTree = "<group>";
		};
		ECA78AFC25C24EB60021AEC0 /* Base */ = {
			isa = PBXGroup;
			children = (
				ECA78AE725C24EA00021AEC0 /* AppDelegate.swift */,
				ECA78AE925C24EA00021AEC0 /* SceneDelegate.swift */,
			);
			path = Base;
			sourceTree = "<group>";
		};
		ECA78AFE25C24EC10021AEC0 /* Controller */ = {
			isa = PBXGroup;
			children = (
				ECFB1D6125C287AE00ECDCB1 /* Cell */,
				ECA78AEB25C24EA00021AEC0 /* LoginViewController.swift */,
				ECD4634925C28C5F00696404 /* HomeViewController.swift */,
				EC5054F625C36B6800348E9D /* JenisViewController.swift */,
				ECDB766B25C380670001FA32 /* VaksinViewController.swift */,
				ECDB766E25C3813F0001FA32 /* AkunViewController.swift */,
				ECDB767E25C3AEDC0001FA32 /* MandiriViewController.swift */,
				ECDB768125C3AEFA0001FA32 /* DaftarViewController.swift */,
				ECDB768425C3AF240001FA32 /* EditViewController.swift */,
				ECDB768725C3AF4C0001FA32 /* BerhasilCekViewController.swift */,
				ECDB768A25C3AF800001FA32 /* DetailCekViewController.swift */,
				ECDB768E25C3AFA40001FA32 /* DetailBeritaViewController.swift */,
				ECA3F73025C3C7F6006B34CA /* DetailRsViewController.swift */,
			);
			path = Controller;
			sourceTree = "<group>";
		};
		ECA78B0125C24F0B0021AEC0 /* View */ = {
			isa = PBXGroup;
			children = (
				ECFB1D5A25C2876900ECDCB1 /* Cell */,
				ECA78AED25C24EA00021AEC0 /* Main.storyboard */,
			);
			path = View;
			sourceTree = "<group>";
		};
		ECA78B0225C24F490021AEC0 /* Model */ = {
			isa = PBXGroup;
			children = (
			);
			path = Model;
			sourceTree = "<group>";
		};
		ECFB1D5A25C2876900ECDCB1 /* Cell */ = {
			isa = PBXGroup;
			children = (
				ECFB1D5D25C2879E00ECDCB1 /* KasusCollectionViewCell.xib */,
				ECB8D6B425C2A1850058AA75 /* BeritaCollectionViewCell.xib */,
				ECB8D6B925C2A1D50058AA75 /* TipsCollectionViewCell.xib */,
				EC5054F125C3681900348E9D /* JenisTableViewCell.xib */,
			);
			path = Cell;
			sourceTree = "<group>";
		};
		ECFB1D6125C287AE00ECDCB1 /* Cell */ = {
			isa = PBXGroup;
			children = (
				ECFB1D5C25C2879E00ECDCB1 /* KasusCollectionViewCell.swift */,
				ECB8D6B325C2A1850058AA75 /* BeritaCollectionViewCell.swift */,
				ECB8D6B825C2A1D50058AA75 /* TipsCollectionViewCell.swift */,
				EC5054F025C3681900348E9D /* JenisTableViewCell.swift */,
			);
			path = Cell;
			sourceTree = "<group>";
		};
/* End PBXGroup section */

/* Begin PBXNativeTarget section */
		ECA78AE325C24EA00021AEC0 /* iVac */ = {
			isa = PBXNativeTarget;
			buildConfigurationList = ECA78AF825C24EA10021AEC0 /* Build configuration list for PBXNativeTarget "iVac" */;
			buildPhases = (
				8A0D843417B9DF3AA76680DE /* [CP] Check Pods Manifest.lock */,
				ECA78AE025C24EA00021AEC0 /* Sources */,
				ECA78AE125C24EA00021AEC0 /* Frameworks */,
				ECA78AE225C24EA00021AEC0 /* Resources */,
				745292DF3E3AD8261EC23A83 /* [CP] Embed Pods Frameworks */,
			);
			buildRules = (
			);
			dependencies = (
			);
			name = iVac;
			productName = iVac;
			productReference = ECA78AE425C24EA00021AEC0 /* iVac.app */;
			productType = "com.apple.product-type.application";
		};
/* End PBXNativeTarget section */

/* Begin PBXProject section */
		ECA78ADC25C24EA00021AEC0 /* Project object */ = {
			isa = PBXProject;
			attributes = {
				LastSwiftUpdateCheck = 1230;
				LastUpgradeCheck = 1230;
				TargetAttributes = {
					ECA78AE325C24EA00021AEC0 = {
						CreatedOnToolsVersion = 12.3;
					};
				};
			};
			buildConfigurationList = ECA78ADF25C24EA00021AEC0 /* Build configuration list for PBXProject "iVac" */;
			compatibilityVersion = "Xcode 9.3";
			developmentRegion = en;
			hasScannedForEncodings = 0;
			knownRegions = (
				en,
				Base,
			);
			mainGroup = ECA78ADB25C24EA00021AEC0;
			productRefGroup = ECA78AE525C24EA00021AEC0 /* Products */;
			projectDirPath = "";
			projectRoot = "";
			targets = (
				ECA78AE325C24EA00021AEC0 /* iVac */,
			);
		};
/* End PBXProject section */

/* Begin PBXResourcesBuildPhase section */
		ECA78AE225C24EA00021AEC0 /* Resources */ = {
			isa = PBXResourcesBuildPhase;
			buildActionMask = 2147483647;
			files = (
				EC5054F325C3681900348E9D /* JenisTableViewCell.xib in Resources */,
				ECA78AF425C24EA10021AEC0 /* LaunchScreen.storyboard in Resources */,
				ECA78AF125C24EA10021AEC0 /* Assets.xcassets in Resources */,
				ECFB1D5F25C2879E00ECDCB1 /* KasusCollectionViewCell.xib in Resources */,
				ECA78AEF25C24EA00021AEC0 /* Main.storyboard in Resources */,
				ECB8D6BB25C2A1D50058AA75 /* TipsCollectionViewCell.xib in Resources */,
				ECB8D6B625C2A1850058AA75 /* BeritaCollectionViewCell.xib in Resources */,
			);
			runOnlyForDeploymentPostprocessing = 0;
		};
/* End PBXResourcesBuildPhase section */

/* Begin PBXShellScriptBuildPhase section */
		745292DF3E3AD8261EC23A83 /* [CP] Embed Pods Frameworks */ = {
			isa = PBXShellScriptBuildPhase;
			buildActionMask = 2147483647;
			files = (
			);
			inputFileListPaths = (
				"${PODS_ROOT}/Target Support Files/Pods-iVac/Pods-iVac-frameworks-${CONFIGURATION}-input-files.xcfilelist",
			);
			name = "[CP] Embed Pods Frameworks";
			outputFileListPaths = (
				"${PODS_ROOT}/Target Support Files/Pods-iVac/Pods-iVac-frameworks-${CONFIGURATION}-output-files.xcfilelist",
			);
			runOnlyForDeploymentPostprocessing = 0;
			shellPath = /bin/sh;
			shellScript = "\"${PODS_ROOT}/Target Support Files/Pods-iVac/Pods-iVac-frameworks.sh\"\n";
			showEnvVarsInLog = 0;
		};
		8A0D843417B9DF3AA76680DE /* [CP] Check Pods Manifest.lock */ = {
			isa = PBXShellScriptBuildPhase;
			buildActionMask = 2147483647;
			files = (
			);
			inputFileListPaths = (
			);
			inputPaths = (
				"${PODS_PODFILE_DIR_PATH}/Podfile.lock",
				"${PODS_ROOT}/Manifest.lock",
			);
			name = "[CP] Check Pods Manifest.lock";
			outputFileListPaths = (
			);
			outputPaths = (
				"$(DERIVED_FILE_DIR)/Pods-iVac-checkManifestLockResult.txt",
			);
			runOnlyForDeploymentPostprocessing = 0;
			shellPath = /bin/sh;
			shellScript = "diff \"${PODS_PODFILE_DIR_PATH}/Podfile.lock\" \"${PODS_ROOT}/Manifest.lock\" > /dev/null\nif [ $? != 0 ] ; then\n    # print error to STDERR\n    echo \"error: The sandbox is not in sync with the Podfile.lock. Run 'pod install' or update your CocoaPods installation.\" >&2\n    exit 1\nfi\n# This output is used by Xcode 'outputs' to avoid re-running this script phase.\necho \"SUCCESS\" > \"${SCRIPT_OUTPUT_FILE_0}\"\n";
			showEnvVarsInLog = 0;
		};
/* End PBXShellScriptBuildPhase section */

/* Begin PBXSourcesBuildPhase section */
		ECA78AE025C24EA00021AEC0 /* Sources */ = {
			isa = PBXSourcesBuildPhase;
			buildActionMask = 2147483647;
			files = (
				ECD4634A25C28C5F00696404 /* HomeViewController.swift in Sources */,
				ECDB767F25C3AEDC0001FA32 /* MandiriViewController.swift in Sources */,
				ECA78AEC25C24EA00021AEC0 /* LoginViewController.swift in Sources */,
				ECA78AE825C24EA00021AEC0 /* AppDelegate.swift in Sources */,
				ECDB768825C3AF4C0001FA32 /* BerhasilCekViewController.swift in Sources */,
				ECDB768F25C3AFA40001FA32 /* DetailBeritaViewController.swift in Sources */,
				ECFB1D5E25C2879E00ECDCB1 /* KasusCollectionViewCell.swift in Sources */,
				ECDB766F25C3813F0001FA32 /* AkunViewController.swift in Sources */,
				ECDB768525C3AF240001FA32 /* EditViewController.swift in Sources */,
				ECDB766C25C380670001FA32 /* VaksinViewController.swift in Sources */,
				ECDB768225C3AEFA0001FA32 /* DaftarViewController.swift in Sources */,
				ECB8D6BA25C2A1D50058AA75 /* TipsCollectionViewCell.swift in Sources */,
				ECA3F73125C3C7F6006B34CA /* DetailRsViewController.swift in Sources */,
				ECA78AEA25C24EA00021AEC0 /* SceneDelegate.swift in Sources */,
				ECB8D6B525C2A1850058AA75 /* BeritaCollectionViewCell.swift in Sources */,
				ECDB768B25C3AF800001FA32 /* DetailCekViewController.swift in Sources */,
				EC5054F725C36B6800348E9D /* JenisViewController.swift in Sources */,
				EC5054F225C3681900348E9D /* JenisTableViewCell.swift in Sources */,
			);
			runOnlyForDeploymentPostprocessing = 0;
		};
/* End PBXSourcesBuildPhase section */

/* Begin PBXVariantGroup section */
		ECA78AED25C24EA00021AEC0 /* Main.storyboard */ = {
			isa = PBXVariantGroup;
			children = (
				ECA78AEE25C24EA00021AEC0 /* Base */,
			);
			name = Main.storyboard;
			sourceTree = "<group>";
		};
		ECA78AF225C24EA10021AEC0 /* LaunchScreen.storyboard */ = {
			isa = PBXVariantGroup;
			children = (
				ECA78AF325C24EA10021AEC0 /* Base */,
			);
			name = LaunchScreen.storyboard;
			sourceTree = "<group>";
		};
/* End PBXVariantGroup section */

/* Begin XCBuildConfiguration section */
		ECA78AF625C24EA10021AEC0 /* Debug */ = {
			isa = XCBuildConfiguration;
			buildSettings = {
				ALWAYS_SEARCH_USER_PATHS = NO;
				CLANG_ANALYZER_NONNULL = YES;
				CLANG_ANALYZER_NUMBER_OBJECT_CONVERSION = YES_AGGRESSIVE;
				CLANG_CXX_LANGUAGE_STANDARD = "gnu++14";
				CLANG_CXX_LIBRARY = "libc++";
				CLANG_ENABLE_MODULES = YES;
				CLANG_ENABLE_OBJC_ARC = YES;
				CLANG_ENABLE_OBJC_WEAK = YES;
				CLANG_WARN_BLOCK_CAPTURE_AUTORELEASING = YES;
				CLANG_WARN_BOOL_CONVERSION = YES;
				CLANG_WARN_COMMA = YES;
				CLANG_WARN_CONSTANT_CONVERSION = YES;
				CLANG_WARN_DEPRECATED_OBJC_IMPLEMENTATIONS = YES;
				CLANG_WARN_DIRECT_OBJC_ISA_USAGE = YES_ERROR;
				CLANG_WARN_DOCUMENTATION_COMMENTS = YES;
				CLANG_WARN_EMPTY_BODY = YES;
				CLANG_WARN_ENUM_CONVERSION = YES;
				CLANG_WARN_INFINITE_RECURSION = YES;
				CLANG_WARN_INT_CONVERSION = YES;
				CLANG_WARN_NON_LITERAL_NULL_CONVERSION = YES;
				CLANG_WARN_OBJC_IMPLICIT_RETAIN_SELF = YES;
				CLANG_WARN_OBJC_LITERAL_CONVERSION = YES;
				CLANG_WARN_OBJC_ROOT_CLASS = YES_ERROR;
				CLANG_WARN_QUOTED_INCLUDE_IN_FRAMEWORK_HEADER = YES;
				CLANG_WARN_RANGE_LOOP_ANALYSIS = YES;
				CLANG_WARN_STRICT_PROTOTYPES = YES;
				CLANG_WARN_SUSPICIOUS_MOVE = YES;
				CLANG_WARN_UNGUARDED_AVAILABILITY = YES_AGGRESSIVE;
				CLANG_WARN_UNREACHABLE_CODE = YES;
				CLANG_WARN__DUPLICATE_METHOD_MATCH = YES;
				COPY_PHASE_STRIP = NO;
				DEBUG_INFORMATION_FORMAT = dwarf;
				ENABLE_STRICT_OBJC_MSGSEND = YES;
				ENABLE_TESTABILITY = YES;
				GCC_C_LANGUAGE_STANDARD = gnu11;
				GCC_DYNAMIC_NO_PIC = NO;
				GCC_NO_COMMON_BLOCKS = YES;
				GCC_OPTIMIZATION_LEVEL = 0;
				GCC_PREPROCESSOR_DEFINITIONS = (
					"DEBUG=1",
					"$(inherited)",
				);
				GCC_WARN_64_TO_32_BIT_CONVERSION = YES;
				GCC_WARN_ABOUT_RETURN_TYPE = YES_ERROR;
				GCC_WARN_UNDECLARED_SELECTOR = YES;
				GCC_WARN_UNINITIALIZED_AUTOS = YES_AGGRESSIVE;
				GCC_WARN_UNUSED_FUNCTION = YES;
				GCC_WARN_UNUSED_VARIABLE = YES;
				IPHONEOS_DEPLOYMENT_TARGET = 14.3;
				MTL_ENABLE_DEBUG_INFO = INCLUDE_SOURCE;
				MTL_FAST_MATH = YES;
				ONLY_ACTIVE_ARCH = YES;
				SDKROOT = iphoneos;
				SWIFT_ACTIVE_COMPILATION_CONDITIONS = DEBUG;
				SWIFT_OPTIMIZATION_LEVEL = "-Onone";
			};
			name = Debug;
		};
		ECA78AF725C24EA10021AEC0 /* Release */ = {
			isa = XCBuildConfiguration;
			buildSettings = {
				ALWAYS_SEARCH_USER_PATHS = NO;
				CLANG_ANALYZER_NONNULL = YES;
				CLANG_ANALYZER_NUMBER_OBJECT_CONVERSION = YES_AGGRESSIVE;
				CLANG_CXX_LANGUAGE_STANDARD = "gnu++14";
				CLANG_CXX_LIBRARY = "libc++";
				CLANG_ENABLE_MODULES = YES;
				CLANG_ENABLE_OBJC_ARC = YES;
				CLANG_ENABLE_OBJC_WEAK = YES;
				CLANG_WARN_BLOCK_CAPTURE_AUTORELEASING = YES;
				CLANG_WARN_BOOL_CONVERSION = YES;
				CLANG_WARN_COMMA = YES;
				CLANG_WARN_CONSTANT_CONVERSION = YES;
				CLANG_WARN_DEPRECATED_OBJC_IMPLEMENTATIONS = YES;
				CLANG_WARN_DIRECT_OBJC_ISA_USAGE = YES_ERROR;
				CLANG_WARN_DOCUMENTATION_COMMENTS = YES;
				CLANG_WARN_EMPTY_BODY = YES;
				CLANG_WARN_ENUM_CONVERSION = YES;
				CLANG_WARN_INFINITE_RECURSION = YES;
				CLANG_WARN_INT_CONVERSION = YES;
				CLANG_WARN_NON_LITERAL_NULL_CONVERSION = YES;
				CLANG_WARN_OBJC_IMPLICIT_RETAIN_SELF = YES;
				CLANG_WARN_OBJC_LITERAL_CONVERSION = YES;
				CLANG_WARN_OBJC_ROOT_CLASS = YES_ERROR;
				CLANG_WARN_QUOTED_INCLUDE_IN_FRAMEWORK_HEADER = YES;
				CLANG_WARN_RANGE_LOOP_ANALYSIS = YES;
				CLANG_WARN_STRICT_PROTOTYPES = YES;
				CLANG_WARN_SUSPICIOUS_MOVE = YES;
				CLANG_WARN_UNGUARDED_AVAILABILITY = YES_AGGRESSIVE;
				CLANG_WARN_UNREACHABLE_CODE = YES;
				CLANG_WARN__DUPLICATE_METHOD_MATCH = YES;
				COPY_PHASE_STRIP = NO;
				DEBUG_INFORMATION_FORMAT = "dwarf-with-dsym";
				ENABLE_NS_ASSERTIONS = NO;
				ENABLE_STRICT_OBJC_MSGSEND = YES;
				GCC_C_LANGUAGE_STANDARD = gnu11;
				GCC_NO_COMMON_BLOCKS = YES;
				GCC_WARN_64_TO_32_BIT_CONVERSION = YES;
				GCC_WARN_ABOUT_RETURN_TYPE = YES_ERROR;
				GCC_WARN_UNDECLARED_SELECTOR = YES;
				GCC_WARN_UNINITIALIZED_AUTOS = YES_AGGRESSIVE;
				GCC_WARN_UNUSED_FUNCTION = YES;
				GCC_WARN_UNUSED_VARIABLE = YES;
				IPHONEOS_DEPLOYMENT_TARGET = 14.3;
				MTL_ENABLE_DEBUG_INFO = NO;
				MTL_FAST_MATH = YES;
				SDKROOT = iphoneos;
				SWIFT_COMPILATION_MODE = wholemodule;
				SWIFT_OPTIMIZATION_LEVEL = "-O";
				VALIDATE_PRODUCT = YES;
			};
			name = Release;
		};
		ECA78AF925C24EA10021AEC0 /* Debug */ = {
			isa = XCBuildConfiguration;
			baseConfigurationReference = 561AE7E2089684648B9C67DE /* Pods-iVac.debug.xcconfig */;
			buildSettings = {
				ASSETCATALOG_COMPILER_APPICON_NAME = AppIcon;
				ASSETCATALOG_COMPILER_GLOBAL_ACCENT_COLOR_NAME = AccentColor;
				CODE_SIGN_STYLE = Automatic;
				DEVELOPMENT_TEAM = 6M5M727687;
				INFOPLIST_FILE = iVac/Info.plist;
				LD_RUNPATH_SEARCH_PATHS = (
					"$(inherited)",
					"@executable_path/Frameworks",
				);
				PRODUCT_BUNDLE_IDENTIFIER = com.rakitpc.iVac;
				PRODUCT_NAME = "$(TARGET_NAME)";
				SWIFT_VERSION = 5.0;
				TARGETED_DEVICE_FAMILY = "1,2";
			};
			name = Debug;
		};
		ECA78AFA25C24EA10021AEC0 /* Release */ = {
			isa = XCBuildConfiguration;
			baseConfigurationReference = 2AA82CE6F40D6965FFD4565D /* Pods-iVac.release.xcconfig */;
			buildSettings = {
				ASSETCATALOG_COMPILER_APPICON_NAME = AppIcon;
				ASSETCATALOG_COMPILER_GLOBAL_ACCENT_COLOR_NAME = AccentColor;
				CODE_SIGN_STYLE = Automatic;
				DEVELOPMENT_TEAM = 6M5M727687;
				INFOPLIST_FILE = iVac/Info.plist;
				LD_RUNPATH_SEARCH_PATHS = (
					"$(inherited)",
					"@executable_path/Frameworks",
				);
				PRODUCT_BUNDLE_IDENTIFIER = com.rakitpc.iVac;
				PRODUCT_NAME = "$(TARGET_NAME)";
				SWIFT_VERSION = 5.0;
				TARGETED_DEVICE_FAMILY = "1,2";
			};
			name = Release;
		};
/* End XCBuildConfiguration section */

/* Begin XCConfigurationList section */
		ECA78ADF25C24EA00021AEC0 /* Build configuration list for PBXProject "iVac" */ = {
			isa = XCConfigurationList;
			buildConfigurations = (
				ECA78AF625C24EA10021AEC0 /* Debug */,
				ECA78AF725C24EA10021AEC0 /* Release */,
			);
			defaultConfigurationIsVisible = 0;
			defaultConfigurationName = Release;
		};
		ECA78AF825C24EA10021AEC0 /* Build configuration list for PBXNativeTarget "iVac" */ = {
			isa = XCConfigurationList;
			buildConfigurations = (
				ECA78AF925C24EA10021AEC0 /* Debug */,
				ECA78AFA25C24EA10021AEC0 /* Release */,
			);
			defaultConfigurationIsVisible = 0;
			defaultConfigurationName = Release;
		};
/* End XCConfigurationList section */
	};
	rootObject = ECA78ADC25C24EA00021AEC0 /* Project object */;
}
